
Microsoft Visual Studio Solution File, Format Version 12.00
# Visual Studio 14
VisualStudioVersion = 14.0.25420.1
MinimumVisualStudioVersion = 10.0.40219.1
Project("{FAE04EC0-301F-11D3-BF4B-00C04F79EFBC}") = "InfraccionesWS", "InfraccionesWS\InfraccionesWS.csproj", "{DF763880-C890-4A0F-ABE6-162DC83CFFA1}"
EndProject
Project("{FAE04EC0-301F-11D3-BF4B-00C04F79EFBC}") = "ClienteInfraccionesWindows", "ClienteInfraccionesWindows\ClienteInfraccionesWindows.csproj", "{834CFFD4-6520-40AF-93F2-FCE092E57EA1}"
EndProject
Global
	GlobalSection(SolutionConfigurationPlatforms) = preSolution
		Debug|Any CPU = Debug|Any CPU
		Release|Any CPU = Release|Any CPU
	EndGlobalSection
	GlobalSection(ProjectConfigurationPlatforms) = postSolution
		{DF763880-C890-4A0F-ABE6-162DC83CFFA1}.Debug|Any CPU.ActiveCfg = Debug|Any CPU
		{DF763880-C890-4A0F-ABE6-162DC83CFFA1}.Debug|Any CPU.Build.0 = Debug|Any CPU
		{DF763880-C890-4A0F-ABE6-162DC83CFFA1}.Release|Any CPU.ActiveCfg = Release|Any CPU
		{DF763880-C890-4A0F-ABE6-162DC83CFFA1}.Release|Any CPU.Build.0 = Release|Any CPU
		{834CFFD4-6520-40AF-93F2-FCE092E57EA1}.Debug|Any CPU.ActiveCfg = Debug|Any CPU
		{834CFFD4-6520-40AF-93F2-FCE092E57EA1}.Debug|Any CPU.Build.0 = Debug|Any CPU
		{834CFFD4-6520-40AF-93F2-FCE092E57EA1}.Release|Any CPU.ActiveCfg = Release|Any CPU
		{834CFFD4-6520-40AF-93F2-FCE092E57EA1}.Release|Any CPU.Build.0 = Release|Any CPU
	EndGlobalSection
	GlobalSection(SolutionProperties) = preSolution
		HideSolutionNode = FALSE
	EndGlobalSection
EndGlobal
